
Microsoft Visual Studio Solution File, Format Version 12.00
# Visual Studio 14
VisualStudioVersion = 14.0.25420.1
MinimumVisualStudioVersion = 10.0.40219.1
Project("{FAE04EC0-301F-11D3-BF4B-00C04F79EFBC}") = "NewgramMobile", "NewgramMobile\NewgramMobile\NewgramMobile.csproj", "{A0F63288-BB33-4ABA-B72A-5D25B1E20C03}"
EndProject
Project("{FAE04EC0-301F-11D3-BF4B-00C04F79EFBC}") = "NewgramMobile.Droid", "NewgramMobile\NewgramMobile.Droid\NewgramMobile.Droid.csproj", "{8FC46E53-4442-46A9-86FB-B4DAF247CFD6}"
EndProject
Project("{FAE04EC0-301F-11D3-BF4B-00C04F79EFBC}") = "NewgramMobile.iOS", "NewgramMobile\NewgramMobile.iOS\NewgramMobile.iOS.csproj", "{29A4569F-E6CF-4D27-9BFA-0132250FC8A6}"
EndProject
Global
	GlobalSection(SolutionConfigurationPlatforms) = preSolution
		Ad-Hoc|Any CPU = Ad-Hoc|Any CPU
		Ad-Hoc|iPhone = Ad-Hoc|iPhone
		Ad-Hoc|iPhoneSimulator = Ad-Hoc|iPhoneSimulator
		AppStore|Any CPU = AppStore|Any CPU
		AppStore|iPhone = AppStore|iPhone
		AppStore|iPhoneSimulator = AppStore|iPhoneSimulator
		Debug|Any CPU = Debug|Any CPU
		Debug|iPhone = Debug|iPhone
		Debug|iPhoneSimulator = Debug|iPhoneSimulator
		Release|Any CPU = Release|Any CPU
		Release|iPhone = Release|iPhone
		Release|iPhoneSimulator = Release|iPhoneSimulator
	EndGlobalSection
	GlobalSection(ProjectConfigurationPlatforms) = postSolution
		{A0F63288-BB33-4ABA-B72A-5D25B1E20C03}.Ad-Hoc|Any CPU.ActiveCfg = Release|Any CPU
		{A0F63288-BB33-4ABA-B72A-5D25B1E20C03}.Ad-Hoc|Any CPU.Build.0 = Release|Any CPU
		{A0F63288-BB33-4ABA-B72A-5D25B1E20C03}.Ad-Hoc|iPhone.ActiveCfg = Release|Any CPU
		{A0F63288-BB33-4ABA-B72A-5D25B1E20C03}.Ad-Hoc|iPhone.Build.0 = Release|Any CPU
		{A0F63288-BB33-4ABA-B72A-5D25B1E20C03}.Ad-Hoc|iPhoneSimulator.ActiveCfg = Release|Any CPU
		{A0F63288-BB33-4ABA-B72A-5D25B1E20C03}.Ad-Hoc|iPhoneSimulator.Build.0 = Release|Any CPU
		{A0F63288-BB33-4ABA-B72A-5D25B1E20C03}.AppStore|Any CPU.ActiveCfg = Release|Any CPU
		{A0F63288-BB33-4ABA-B72A-5D25B1E20C03}.AppStore|Any CPU.Build.0 = Release|Any CPU
		{A0F63288-BB33-4ABA-B72A-5D25B1E20C03}.AppStore|iPhone.ActiveCfg = Release|Any CPU
		{A0F63288-BB33-4ABA-B72A-5D25B1E20C03}.AppStore|iPhone.Build.0 = Release|Any CPU
		{A0F63288-BB33-4ABA-B72A-5D25B1E20C03}.AppStore|iPhoneSimulator.ActiveCfg = Release|Any CPU
		{A0F63288-BB33-4ABA-B72A-5D25B1E20C03}.AppStore|iPhoneSimulator.Build.0 = Release|Any CPU
		{A0F63288-BB33-4ABA-B72A-5D25B1E20C03}.Debug|Any CPU.ActiveCfg = Debug|Any CPU
		{A0F63288-BB33-4ABA-B72A-5D25B1E20C03}.Debug|Any CPU.Build.0 = Debug|Any CPU
		{A0F63288-BB33-4ABA-B72A-5D25B1E20C03}.Debug|iPhone.ActiveCfg = Debug|Any CPU
		{A0F63288-BB33-4ABA-B72A-5D25B1E20C03}.Debug|iPhone.Build.0 = Debug|Any CPU
		{A0F63288-BB33-4ABA-B72A-5D25B1E20C03}.Debug|iPhoneSimulator.ActiveCfg = Debug|Any CPU
		{A0F63288-BB33-4ABA-B72A-5D25B1E20C03}.Debug|iPhoneSimulator.Build.0 = Debug|Any CPU
		{A0F63288-BB33-4ABA-B72A-5D25B1E20C03}.Release|Any CPU.ActiveCfg = Release|Any CPU
		{A0F63288-BB33-4ABA-B72A-5D25B1E20C03}.Release|Any CPU.Build.0 = Release|Any CPU
		{A0F63288-BB33-4ABA-B72A-5D25B1E20C03}.Release|iPhone.ActiveCfg = Release|Any CPU
		{A0F63288-BB33-4ABA-B72A-5D25B1E20C03}.Release|iPhone.Build.0 = Release|Any CPU
		{A0F63288-BB33-4ABA-B72A-5D25B1E20C03}.Release|iPhoneSimulator.ActiveCfg = Release|Any CPU
		{A0F63288-BB33-4ABA-B72A-5D25B1E20C03}.Release|iPhoneSimulator.Build.0 = Release|Any CPU
		{8FC46E53-4442-46A9-86FB-B4DAF247CFD6}.Ad-Hoc|Any CPU.ActiveCfg = Release|Any CPU
		{8FC46E53-4442-46A9-86FB-B4DAF247CFD6}.Ad-Hoc|Any CPU.Build.0 = Release|Any CPU
		{8FC46E53-4442-46A9-86FB-B4DAF247CFD6}.Ad-Hoc|Any CPU.Deploy.0 = Release|Any CPU
		{8FC46E53-4442-46A9-86FB-B4DAF247CFD6}.Ad-Hoc|iPhone.ActiveCfg = Release|Any CPU
		{8FC46E53-4442-46A9-86FB-B4DAF247CFD6}.Ad-Hoc|iPhone.Build.0 = Release|Any CPU
		{8FC46E53-4442-46A9-86FB-B4DAF247CFD6}.Ad-Hoc|iPhone.Deploy.0 = Release|Any CPU
		{8FC46E53-4442-46A9-86FB-B4DAF247CFD6}.Ad-Hoc|iPhoneSimulator.ActiveCfg = Release|Any CPU
		{8FC46E53-4442-46A9-86FB-B4DAF247CFD6}.Ad-Hoc|iPhoneSimulator.Build.0 = Release|Any CPU
		{8FC46E53-4442-46A9-86FB-B4DAF247CFD6}.Ad-Hoc|iPhoneSimulator.Deploy.0 = Release|Any CPU
		{8FC46E53-4442-46A9-86FB-B4DAF247CFD6}.AppStore|Any CPU.ActiveCfg = Release|Any CPU
		{8FC46E53-4442-46A9-86FB-B4DAF247CFD6}.AppStore|Any CPU.Build.0 = Release|Any CPU
		{8FC46E53-4442-46A9-86FB-B4DAF247CFD6}.AppStore|Any CPU.Deploy.0 = Release|Any CPU
		{8FC46E53-4442-46A9-86FB-B4DAF247CFD6}.AppStore|iPhone.ActiveCfg = Release|Any CPU
		{8FC46E53-4442-46A9-86FB-B4DAF247CFD6}.AppStore|iPhone.Build.0 = Release|Any CPU
		{8FC46E53-4442-46A9-86FB-B4DAF247CFD6}.AppStore|iPhone.Deploy.0 = Release|Any CPU
		{8FC46E53-4442-46A9-86FB-B4DAF247CFD6}.AppStore|iPhoneSimulator.ActiveCfg = Release|Any CPU
		{8FC46E53-4442-46A9-86FB-B4DAF247CFD6}.AppStore|iPhoneSimulator.Build.0 = Release|Any CPU
		{8FC46E53-4442-46A9-86FB-B4DAF247CFD6}.AppStore|iPhoneSimulator.Deploy.0 = Release|Any CPU
		{8FC46E53-4442-46A9-86FB-B4DAF247CFD6}.Debug|Any CPU.ActiveCfg = Debug|Any CPU
		{8FC46E53-4442-46A9-86FB-B4DAF247CFD6}.Debug|Any CPU.Build.0 = Debug|Any CPU
		{8FC46E53-4442-46A9-86FB-B4DAF247CFD6}.Debug|Any CPU.Deploy.0 = Debug|Any CPU
		{8FC46E53-4442-46A9-86FB-B4DAF247CFD6}.Debug|iPhone.ActiveCfg = Debug|Any CPU
		{8FC46E53-4442-46A9-86FB-B4DAF247CFD6}.Debug|iPhone.Build.0 = Debug|Any CPU
		{8FC46E53-4442-46A9-86FB-B4DAF247CFD6}.Debug|iPhone.Deploy.0 = Debug|Any CPU
		{8FC46E53-4442-46A9-86FB-B4DAF247CFD6}.Debug|iPhoneSimulator.ActiveCfg = Debug|Any CPU
		{8FC46E53-4442-46A9-86FB-B4DAF247CFD6}.Debug|iPhoneSimulator.Build.0 = Debug|Any CPU
		{8FC46E53-4442-46A9-86FB-B4DAF247CFD6}.Debug|iPhoneSimulator.Deploy.0 = Debug|Any CPU
		{8FC46E53-4442-46A9-86FB-B4DAF247CFD6}.Release|Any CPU.ActiveCfg = Release|Any CPU
		{8FC46E53-4442-46A9-86FB-B4DAF247CFD6}.Release|Any CPU.Build.0 = Release|Any CPU
		{8FC46E53-4442-46A9-86FB-B4DAF247CFD6}.Release|Any CPU.Deploy.0 = Release|Any CPU
		{8FC46E53-4442-46A9-86FB-B4DAF247CFD6}.Release|iPhone.ActiveCfg = Release|Any CPU
		{8FC46E53-4442-46A9-86FB-B4DAF247CFD6}.Release|iPhone.Build.0 = Release|Any CPU
		{8FC46E53-4442-46A9-86FB-B4DAF247CFD6}.Release|iPhone.Deploy.0 = Release|Any CPU
		{8FC46E53-4442-46A9-86FB-B4DAF247CFD6}.Release|iPhoneSimulator.ActiveCfg = Release|Any CPU
		{8FC46E53-4442-46A9-86FB-B4DAF247CFD6}.Release|iPhoneSimulator.Build.0 = Release|Any CPU
		{8FC46E53-4442-46A9-86FB-B4DAF247CFD6}.Release|iPhoneSimulator.Deploy.0 = Release|Any CPU
		{29A4569F-E6CF-4D27-9BFA-0132250FC8A6}.Ad-Hoc|Any CPU.ActiveCfg = Ad-Hoc|iPhone
		{29A4569F-E6CF-4D27-9BFA-0132250FC8A6}.Ad-Hoc|iPhone.ActiveCfg = Ad-Hoc|iPhone
		{29A4569F-E6CF-4D27-9BFA-0132250FC8A6}.Ad-Hoc|iPhone.Build.0 = Ad-Hoc|iPhone
		{29A4569F-E6CF-4D27-9BFA-0132250FC8A6}.Ad-Hoc|iPhoneSimulator.ActiveCfg = Ad-Hoc|iPhoneSimulator
		{29A4569F-E6CF-4D27-9BFA-0132250FC8A6}.Ad-Hoc|iPhoneSimulator.Build.0 = Ad-Hoc|iPhoneSimulator
		{29A4569F-E6CF-4D27-9BFA-0132250FC8A6}.AppStore|Any CPU.ActiveCfg = AppStore|iPhone
		{29A4569F-E6CF-4D27-9BFA-0132250FC8A6}.AppStore|iPhone.ActiveCfg = AppStore|iPhone
		{29A4569F-E6CF-4D27-9BFA-0132250FC8A6}.AppStore|iPhone.Build.0 = AppStore|iPhone
		{29A4569F-E6CF-4D27-9BFA-0132250FC8A6}.AppStore|iPhoneSimulator.ActiveCfg = AppStore|iPhoneSimulator
		{29A4569F-E6CF-4D27-9BFA-0132250FC8A6}.AppStore|iPhoneSimulator.Build.0 = AppStore|iPhoneSimulator
		{29A4569F-E6CF-4D27-9BFA-0132250FC8A6}.Debug|Any CPU.ActiveCfg = Debug|iPhone
		{29A4569F-E6CF-4D27-9BFA-0132250FC8A6}.Debug|iPhone.ActiveCfg = Debug|iPhone
		{29A4569F-E6CF-4D27-9BFA-0132250FC8A6}.Debug|iPhone.Build.0 = Debug|iPhone
		{29A4569F-E6CF-4D27-9BFA-0132250FC8A6}.Debug|iPhoneSimulator.ActiveCfg = Debug|iPhoneSimulator
		{29A4569F-E6CF-4D27-9BFA-0132250FC8A6}.Debug|iPhoneSimulator.Build.0 = Debug|iPhoneSimulator
		{29A4569F-E6CF-4D27-9BFA-0132250FC8A6}.Release|Any CPU.ActiveCfg = Release|iPhone
		{29A4569F-E6CF-4D27-9BFA-0132250FC8A6}.Release|iPhone.ActiveCfg = Release|iPhone
		{29A4569F-E6CF-4D27-9BFA-0132250FC8A6}.Release|iPhone.Build.0 = Release|iPhone
		{29A4569F-E6CF-4D27-9BFA-0132250FC8A6}.Release|iPhoneSimulator.ActiveCfg = Release|iPhoneSimulator
		{29A4569F-E6CF-4D27-9BFA-0132250FC8A6}.Release|iPhoneSimulator.Build.0 = Release|iPhoneSimulator
	EndGlobalSection
	GlobalSection(SolutionProperties) = preSolution
		HideSolutionNode = FALSE
	EndGlobalSection
EndGlobal
